
Microsoft Visual Studio Solution File, Format Version 12.00
# Visual Studio Version 16
VisualStudioVersion = 25.0.1706.4
MinimumVisualStudioVersion = 10.0.40219.1
Project("{FAE04EC0-301F-11D3-BF4B-00C04F79EFBC}") = "eBill", "eBill\eBill.csproj", "{841CB2AF-A35C-4140-929F-C64F1AE14D8D}"
EndProject
Project("{FAE04EC0-301F-11D3-BF4B-00C04F79EFBC}") = "eBill.Tests", "eBill.Tests\eBill.Tests.csproj", "{A6DE019A-5501-4CEF-B176-89895D85FC0D}"
EndProject
Project("{FAE04EC0-301F-11D3-BF4B-00C04F79EFBC}") = "ClassLibrary", "ClassLibrary\ClassLibrary.csproj", "{2F4BB3B7-12B0-455F-960B-6E4F32244D85}"
EndProject
Global
	GlobalSection(SolutionConfigurationPlatforms) = preSolution
		Debug|Any CPU = Debug|Any CPU
		Release|Any CPU = Release|Any CPU
	EndGlobalSection
	GlobalSection(ProjectConfigurationPlatforms) = postSolution
		{841CB2AF-A35C-4140-929F-C64F1AE14D8D}.Debug|Any CPU.ActiveCfg = Debug|Any CPU
		{841CB2AF-A35C-4140-929F-C64F1AE14D8D}.Debug|Any CPU.Build.0 = Debug|Any CPU
		{841CB2AF-A35C-4140-929F-C64F1AE14D8D}.Release|Any CPU.ActiveCfg = Release|Any CPU
		{841CB2AF-A35C-4140-929F-C64F1AE14D8D}.Release|Any CPU.Build.0 = Release|Any CPU
		{A6DE019A-5501-4CEF-B176-89895D85FC0D}.Debug|Any CPU.ActiveCfg = Debug|Any CPU
		{A6DE019A-5501-4CEF-B176-89895D85FC0D}.Debug|Any CPU.Build.0 = Debug|Any CPU
		{A6DE019A-5501-4CEF-B176-89895D85FC0D}.Release|Any CPU.ActiveCfg = Release|Any CPU
		{A6DE019A-5501-4CEF-B176-89895D85FC0D}.Release|Any CPU.Build.0 = Release|Any CPU
		{2F4BB3B7-12B0-455F-960B-6E4F32244D85}.Debug|Any CPU.ActiveCfg = Debug|Any CPU
		{2F4BB3B7-12B0-455F-960B-6E4F32244D85}.Debug|Any CPU.Build.0 = Debug|Any CPU
		{2F4BB3B7-12B0-455F-960B-6E4F32244D85}.Release|Any CPU.ActiveCfg = Release|Any CPU
		{2F4BB3B7-12B0-455F-960B-6E4F32244D85}.Release|Any CPU.Build.0 = Release|Any CPU
	EndGlobalSection
	GlobalSection(SolutionProperties) = preSolution
		HideSolutionNode = FALSE
	EndGlobalSection
	GlobalSection(ExtensibilityGlobals) = postSolution
		SolutionGuid = {395BFB03-8E45-42D2-B93D-231101D1F90A}
	EndGlobalSection
EndGlobal
